
Microsoft Visual Studio Solution File, Format Version 12.00
# Visual Studio Version 17
VisualStudioVersion = 17.13.35919.96 d17.13
MinimumVisualStudioVersion = 10.0.40219.1
Project("{FAE04EC0-301F-11D3-BF4B-00C04F79EFBC}") = "3.Builder", "3.Builder.csproj", "{5791C38C-0940-4D70-A69D-D0490B6F8E3E}"
EndProject
Global
	GlobalSection(SolutionConfigurationPlatforms) = preSolution
		Debug|Any CPU = Debug|Any CPU
		Release|Any CPU = Release|Any CPU
	EndGlobalSection
	GlobalSection(ProjectConfigurationPlatforms) = postSolution
		{5791C38C-0940-4D70-A69D-D0490B6F8E3E}.Debug|Any CPU.ActiveCfg = Debug|Any CPU
		{5791C38C-0940-4D70-A69D-D0490B6F8E3E}.Debug|Any CPU.Build.0 = Debug|Any CPU
		{5791C38C-0940-4D70-A69D-D0490B6F8E3E}.Release|Any CPU.ActiveCfg = Release|Any CPU
		{5791C38C-0940-4D70-A69D-D0490B6F8E3E}.Release|Any CPU.Build.0 = Release|Any CPU
	EndGlobalSection
	GlobalSection(SolutionProperties) = preSolution
		HideSolutionNode = FALSE
	EndGlobalSection
	GlobalSection(ExtensibilityGlobals) = postSolution
		SolutionGuid = {DFA7893D-AABC-4631-ADBD-A111D5D287F0}
	EndGlobalSection
EndGlobal
